{
    "_meta": {
        "hash": {
            "sha256": "0977cfac7b91567024d3589b649cf246c7bd430ae332f09660dc6dcd717a0970"
        },
        "pipfile-spec": 6,
        "requires": {
            "python_version": "3.6"
        },
        "sources": [
            {
                "name": "pypi",
                "url": "https://pypi.org/simple",
                "verify_ssl": true
            }
        ]
    },
    "default": {
        "hydra-base": {
            "git": "https://github.com/hydraplatform/hydra-base.git",
            "ref": "9cb134b653338c9fe44bab245ff2a4c6f8491e7d"
        },
        "hydra-client": {
            "git": "https://github.com/hydraplatform/hydra-client-python.git",
            "ref": "0f2389f8fd08a134eaddde1eb422caac1081b4a1"
        },
        "hydra-network-utils": {
            "git": "https://github.com/hydraplatform/hydra-network-utils.git",
            "ref": "db381edf06879307f1a51854e17b6382b6fa635d"
        },
        "hydra-pywr-common": {
            "git": "https://github.com/pywr/hydra-pywr-common.git",
            "ref": "98c5fcdc0fedf23e5433eae948a9782da13debf8"
        }
    },
    "develop": {}
}
